
Microsoft Visual Studio Solution File, Format Version 12.00
# Visual Studio 15
VisualStudioVersion = 15.0.27130.2027
MinimumVisualStudioVersion = 10.0.40219.1
Project("{FAE04EC0-301F-11D3-BF4B-00C04F79EFBC}") = "ConsoleApp1", "ConsoleApp1\ConsoleApp1.csproj", "{601C12F9-FABC-4161-8117-F17E924E6ABA}"
EndProject
Global
	GlobalSection(SolutionConfigurationPlatforms) = preSolution
		Debug|Any CPU = Debug|Any CPU
		Release|Any CPU = Release|Any CPU
	EndGlobalSection
	GlobalSection(ProjectConfigurationPlatforms) = postSolution
		{601C12F9-FABC-4161-8117-F17E924E6ABA}.Debug|Any CPU.ActiveCfg = Debug|Any CPU
		{601C12F9-FABC-4161-8117-F17E924E6ABA}.Debug|Any CPU.Build.0 = Debug|Any CPU
		{601C12F9-FABC-4161-8117-F17E924E6ABA}.Release|Any CPU.ActiveCfg = Release|Any CPU
		{601C12F9-FABC-4161-8117-F17E924E6ABA}.Release|Any CPU.Build.0 = Release|Any CPU
	EndGlobalSection
	GlobalSection(SolutionProperties) = preSolution
		HideSolutionNode = FALSE
	EndGlobalSection
	GlobalSection(ExtensibilityGlobals) = postSolution
		SolutionGuid = {C8FC1EF9-8775-4BB7-97DE-3133425E1375}
	EndGlobalSection
EndGlobal
